
Microsoft Visual Studio Solution File, Format Version 12.00
# Visual Studio Version 16
VisualStudioVersion = 16.0.30711.63
MinimumVisualStudioVersion = 10.0.40219.1
Project("{FAE04EC0-301F-11D3-BF4B-00C04F79EFBC}") = "Geometry", "Geometry\Geometry.csproj", "{1506E7E9-EE51-42E8-8954-96FC3479B398}"
EndProject
Global
	GlobalSection(SolutionConfigurationPlatforms) = preSolution
		Debug|Any CPU = Debug|Any CPU
		Release|Any CPU = Release|Any CPU
	EndGlobalSection
	GlobalSection(ProjectConfigurationPlatforms) = postSolution
		{1506E7E9-EE51-42E8-8954-96FC3479B398}.Debug|Any CPU.ActiveCfg = Debug|Any CPU
		{1506E7E9-EE51-42E8-8954-96FC3479B398}.Debug|Any CPU.Build.0 = Debug|Any CPU
		{1506E7E9-EE51-42E8-8954-96FC3479B398}.Release|Any CPU.ActiveCfg = Release|Any CPU
		{1506E7E9-EE51-42E8-8954-96FC3479B398}.Release|Any CPU.Build.0 = Release|Any CPU
	EndGlobalSection
	GlobalSection(SolutionProperties) = preSolution
		HideSolutionNode = FALSE
	EndGlobalSection
	GlobalSection(ExtensibilityGlobals) = postSolution
		SolutionGuid = {A2046B2B-29D4-4E57-93C3-C0772DFC3A54}
	EndGlobalSection
EndGlobal
