
Microsoft Visual Studio Solution File, Format Version 12.00
# Visual Studio Version 16
VisualStudioVersion = 16.0.30711.63
MinimumVisualStudioVersion = 10.0.40219.1
Project("{FAE04EC0-301F-11D3-BF4B-00C04F79EFBC}") = "Geometry", "Geometry\Geometry.csproj", "{83F6B02F-5CD2-4CCE-84FA-8D59EC1F5A9C}"
EndProject
Global
	GlobalSection(SolutionConfigurationPlatforms) = preSolution
		Debug|Any CPU = Debug|Any CPU
		Release|Any CPU = Release|Any CPU
	EndGlobalSection
	GlobalSection(ProjectConfigurationPlatforms) = postSolution
		{83F6B02F-5CD2-4CCE-84FA-8D59EC1F5A9C}.Debug|Any CPU.ActiveCfg = Debug|Any CPU
		{83F6B02F-5CD2-4CCE-84FA-8D59EC1F5A9C}.Debug|Any CPU.Build.0 = Debug|Any CPU
		{83F6B02F-5CD2-4CCE-84FA-8D59EC1F5A9C}.Release|Any CPU.ActiveCfg = Release|Any CPU
		{83F6B02F-5CD2-4CCE-84FA-8D59EC1F5A9C}.Release|Any CPU.Build.0 = Release|Any CPU
	EndGlobalSection
	GlobalSection(SolutionProperties) = preSolution
		HideSolutionNode = FALSE
	EndGlobalSection
	GlobalSection(ExtensibilityGlobals) = postSolution
		SolutionGuid = {AB965796-470A-4421-BBCB-BDB47C74D261}
	EndGlobalSection
EndGlobal
